{
  "name": "skyLand",
  "lockfileVersion": 3,
  "requires": true,
  "packages": {
    "": {
      "dependencies": {
        "@minecraft/server": "1.17.0-beta.1.21.50-preview.26"
      }
    },
    "node_modules/@minecraft/common": {
      "version": "1.2.0",
      "resolved": "https://registry.npmmirror.com/@minecraft/common/-/common-1.2.0.tgz",
      "integrity": "sha512-JdmEq4P3Z/FtoBzhLijFgMSVFnFRrUoLwY8DHHrgtFo0mfLTOLTB1RErYjLMsA6b7BGVNxkX/pfFRiH7QZ0XwQ==",
      "license": "MIT"
    },
    "node_modules/@minecraft/server": {
      "version": "1.17.0-beta.1.21.50-preview.26",
      "resolved": "https://registry.npmmirror.com/@minecraft/server/-/server-1.17.0-beta.1.21.50-preview.26.tgz",
      "integrity": "sha512-Lpj1ptAwkUdk0YjRQaiQd+5iWrKz4Nd+0OIa+QnT9EPPkghj7Sr/aD9r9euAnZ7HyyTeZWiE5G68xgDiP2tBig==",
      "license": "MIT",
      "dependencies": {
        "@minecraft/common": "^1.1.0"
      },
      "peerDependencies": {
        "@minecraft/vanilla-data": ">=1.20.70"
      }
    },
    "node_modules/@minecraft/vanilla-data": {
      "version": "1.21.44",
      "resolved": "https://registry.npmmirror.com/@minecraft/vanilla-data/-/vanilla-data-1.21.44.tgz",
      "integrity": "sha512-sgROZZqiCmaOsRG7qg+qP2B5IZz+kkZGm1JDifFAP/5YCMj4dZcCfnpCvFLQ0Fs2PvMwFU0fDu216Lee9aqXVg==",
      "license": "MIT",
      "peer": true
    }
  }
}
