{
  "name": "skyLand",
  "lockfileVersion": 2,
  "requires": true,
  "packages": {
    "": {
      "dependencies": {
        "@minecraft/server": "^1.0.0-beta.11940b24",
        "@minecraft/server-gametest": "^1.0.0-beta.11940b24",
        "@minecraft/server-net": "^1.0.0-beta.11940b24",
        "@minecraft/server-ui": "^1.0.0-beta.11940b24",
        "@xboyminemc/server-plus": "^0.0.2"
      }
    },
    "node_modules/@minecraft/server": {
      "version": "1.0.0-beta.11940b24",
      "license": "MIT"
    },
    "node_modules/@minecraft/server-admin": {
      "version": "1.0.0-beta.11940b24",
      "license": "MIT"
    },
    "node_modules/@minecraft/server-gametest": {
      "version": "1.0.0-beta.11940b24",
      "license": "MIT",
      "dependencies": {
        "@minecraft/server": "1.0.0-beta.11940b24"
      }
    },
    "node_modules/@minecraft/server-net": {
      "version": "1.0.0-beta.11940b24",
      "license": "MIT",
      "dependencies": {
        "@minecraft/server-admin": "1.0.0-beta.11940b24"
      }
    },
    "node_modules/@minecraft/server-ui": {
      "version": "1.0.0-beta.11940b24",
      "license": "MIT",
      "dependencies": {
        "@minecraft/server": "1.0.0-beta.11940b24"
      }
    },
    "node_modules/@xboyminemc/server-plus": {
      "version": "0.0.2",
      "resolved": "https://registry.npmjs.org/@xboyminemc/server-plus/-/server-plus-0.0.2.tgz",
      "integrity": "sha512-D2R8b541GiK0E9k+dTKTKVmpvanyydqng5dedaMVDrdXbcUkJNiCDtvrbKWME5BYeBzr0BsDNbqxEiOr7kXccw=="
    }
  },
  "dependencies": {
    "@minecraft/server": {
      "version": "1.0.0-beta.11940b24"
    },
    "@minecraft/server-admin": {
      "version": "1.0.0-beta.11940b24"
    },
    "@minecraft/server-gametest": {
      "version": "1.0.0-beta.11940b24",
      "requires": {
        "@minecraft/server": "1.0.0-beta.11940b24"
      }
    },
    "@minecraft/server-net": {
      "version": "1.0.0-beta.11940b24",
      "requires": {
        "@minecraft/server-admin": "1.0.0-beta.11940b24"
      }
    },
    "@minecraft/server-ui": {
      "version": "1.0.0-beta.11940b24",
      "requires": {
        "@minecraft/server": "1.0.0-beta.11940b24"
      }
    },
    "@xboyminemc/server-plus": {
      "version": "0.0.2",
      "resolved": "https://registry.npmjs.org/@xboyminemc/server-plus/-/server-plus-0.0.2.tgz",
      "integrity": "sha512-D2R8b541GiK0E9k+dTKTKVmpvanyydqng5dedaMVDrdXbcUkJNiCDtvrbKWME5BYeBzr0BsDNbqxEiOr7kXccw=="
    }
  }
}
