# THIS IS AN AUTOGENERATED FILE. DO NOT EDIT THIS FILE DIRECTLY.
# yarn lockfile v1


"@minecraft/server-gametest@^1.0.0-beta.1.19.80-preview.24":
  "integrity" "sha512-EVD0pMb0kDhQ3s/5JMypxhkJd/RZ8Ra27KGE8ohGKbGt3M9RWY67FYliy9LXvZFEgerjIKEnp5Yf94I2cltbHw=="
  "resolved" "https://registry.npmjs.org/@minecraft/server-gametest/-/server-gametest-1.0.0-beta.1.19.80-preview.24.tgz"
  "version" "1.0.0-beta.1.19.80-preview.24"
  dependencies:
    "@minecraft/server" "1.2.0-beta.1.19.80-preview.24"

"@minecraft/server@^1.4.0-beta.1.20.10-stable":
  "integrity" "sha512-GFxR3rc83fLG4G1QV51D6a7V1EylomZrUMO1oUNINhkMpNBe2ACA9CBpLpkixxg0Y3aDpUnTkuhjQpoMnekPSA=="
  "resolved" "https://registry.npmjs.org/@minecraft/server/-/server-1.4.0-beta.1.20.10-stable.tgz"
  "version" "1.4.0-beta.1.20.10-stable"

"@minecraft/server@1.2.0-beta.1.19.80-preview.24":
  "integrity" "sha512-jL94HQpdVBLCbxsVjsUIb1DfuIGnBUBr09HiovPrxoOdj0F1U69QPp6Mofier9WdBUOT+0Az1w3v/MWvVK/5yQ=="
  "resolved" "https://registry.npmjs.org/@minecraft/server/-/server-1.2.0-beta.1.19.80-preview.24.tgz"
  "version" "1.2.0-beta.1.19.80-preview.24"

"typescript@^5.1.6":
  "integrity" "sha512-zaWCozRZ6DLEWAWFrVDz1H6FVXzUSfTy5FUMWsQlU8Ym5JP9eO4xkTIROFCQvhQf61z6O/G6ugw3SgAnvvm+HA=="
  "resolved" "https://registry.npmjs.org/typescript/-/typescript-5.1.6.tgz"
  "version" "5.1.6"
